// !$*UTF8*$!
{
	archiveVersion = 1;
	classes = {
	};
	objectVersion = 50;
	objects = {

/* Begin PBXBuildFile section */
		9F13D27E25EF85D8005968F0 /* MenuController.swift in Sources */ = {isa = PBXBuildFile; fileRef = 9F13D27D25EF85D8005968F0 /* MenuController.swift */; };
		9F2345A725F0D14400830FA3 /* MenuOptionCell.swift in Sources */ = {isa = PBXBuildFile; fileRef = 9F2345A625F0D14400830FA3 /* MenuOptionCell.swift */; };
		9FF2581F25EF75970075012C /* AppDelegate.swift in Sources */ = {isa = PBXBuildFile; fileRef = 9FF2581E25EF75970075012C /* AppDelegate.swift */; };
		9FF2582125EF75970075012C /* SceneDelegate.swift in Sources */ = {isa = PBXBuildFile; fileRef = 9FF2582025EF75970075012C /* SceneDelegate.swift */; };
		9FF2582325EF75970075012C /* HomeController.swift in Sources */ = {isa = PBXBuildFile; fileRef = 9FF2582225EF75970075012C /* HomeController.swift */; };
		9FF2582625EF75970075012C /* Main.storyboard in Resources */ = {isa = PBXBuildFile; fileRef = 9FF2582425EF75970075012C /* Main.storyboard */; };
		9FF2582825EF75990075012C /* Assets.xcassets in Resources */ = {isa = PBXBuildFile; fileRef = 9FF2582725EF75990075012C /* Assets.xcassets */; };
		9FF2582B25EF75990075012C /* LaunchScreen.storyboard in Resources */ = {isa = PBXBuildFile; fileRef = 9FF2582925EF75990075012C /* LaunchScreen.storyboard */; };
		9FF2583525EF78370075012C /* ContainerController.swift in Sources */ = {isa = PBXBuildFile; fileRef = 9FF2583425EF78370075012C /* ContainerController.swift */; };
/* End PBXBuildFile section */

/* Begin PBXFileReference section */
		9F13D27D25EF85D8005968F0 /* MenuController.swift */ = {isa = PBXFileReference; lastKnownFileType = sourcecode.swift; path = MenuController.swift; sourceTree = "<group>"; };
		9F2345A625F0D14400830FA3 /* MenuOptionCell.swift */ = {isa = PBXFileReference; lastKnownFileType = sourcecode.swift; path = MenuOptionCell.swift; sourceTree = "<group>"; };
		9FF2581B25EF75970075012C /* custom-side-menu-2.app */ = {isa = PBXFileReference; explicitFileType = wrapper.application; includeInIndex = 0; path = "custom-side-menu-2.app"; sourceTree = BUILT_PRODUCTS_DIR; };
		9FF2581E25EF75970075012C /* AppDelegate.swift */ = {isa = PBXFileReference; lastKnownFileType = sourcecode.swift; path = AppDelegate.swift; sourceTree = "<group>"; };
		9FF2582025EF75970075012C /* SceneDelegate.swift */ = {isa = PBXFileReference; lastKnownFileType = sourcecode.swift; path = SceneDelegate.swift; sourceTree = "<group>"; };
		9FF2582225EF75970075012C /* HomeController.swift */ = {isa = PBXFileReference; lastKnownFileType = sourcecode.swift; path = HomeController.swift; sourceTree = "<group>"; };
		9FF2582525EF75970075012C /* Base */ = {isa = PBXFileReference; lastKnownFileType = file.storyboard; name = Base; path = Base.lproj/Main.storyboard; sourceTree = "<group>"; };
		9FF2582725EF75990075012C /* Assets.xcassets */ = {isa = PBXFileReference; lastKnownFileType = folder.assetcatalog; path = Assets.xcassets; sourceTree = "<group>"; };
		9FF2582A25EF75990075012C /* Base */ = {isa = PBXFileReference; lastKnownFileType = file.storyboard; name = Base; path = Base.lproj/LaunchScreen.storyboard; sourceTree = "<group>"; };
		9FF2582C25EF75990075012C /* Info.plist */ = {isa = PBXFileReference; lastKnownFileType = text.plist.xml; path = Info.plist; sourceTree = "<group>"; };
		9FF2583425EF78370075012C /* ContainerController.swift */ = {isa = PBXFileReference; lastKnownFileType = sourcecode.swift; path = ContainerController.swift; sourceTree = "<group>"; };
/* End PBXFileReference section */

/* Begin PBXFrameworksBuildPhase section */
		9FF2581825EF75970075012C /* Frameworks */ = {
			isa = PBXFrameworksBuildPhase;
			buildActionMask = 2147483647;
			files = (
			);
			runOnlyForDeploymentPostprocessing = 0;
		};
/* End PBXFrameworksBuildPhase section */

/* Begin PBXGroup section */
		9F2345A525F0D12F00830FA3 /* View */ = {
			isa = PBXGroup;
			children = (
				9F2345A625F0D14400830FA3 /* MenuOptionCell.swift */,
			);
			path = View;
			sourceTree = "<group>";
		};
		9FC179D325F0B5C5007AD14C /* Controllers */ = {
			isa = PBXGroup;
			children = (
				9FF2582225EF75970075012C /* HomeController.swift */,
				9FF2583425EF78370075012C /* ContainerController.swift */,
				9F13D27D25EF85D8005968F0 /* MenuController.swift */,
			);
			path = Controllers;
			sourceTree = "<group>";
		};
		9FF2581225EF75970075012C = {
			isa = PBXGroup;
			children = (
				9FF2581D25EF75970075012C /* custom-side-menu-2 */,
				9FF2581C25EF75970075012C /* Products */,
			);
			sourceTree = "<group>";
		};
		9FF2581C25EF75970075012C /* Products */ = {
			isa = PBXGroup;
			children = (
				9FF2581B25EF75970075012C /* custom-side-menu-2.app */,
			);
			name = Products;
			sourceTree = "<group>";
		};
		9FF2581D25EF75970075012C /* custom-side-menu-2 */ = {
			isa = PBXGroup;
			children = (
				9F2345A525F0D12F00830FA3 /* View */,
				9FF2581E25EF75970075012C /* AppDelegate.swift */,
				9FF2582025EF75970075012C /* SceneDelegate.swift */,
				9FC179D325F0B5C5007AD14C /* Controllers */,
				9FF2582425EF75970075012C /* Main.storyboard */,
				9FF2582725EF75990075012C /* Assets.xcassets */,
				9FF2582925EF75990075012C /* LaunchScreen.storyboard */,
				9FF2582C25EF75990075012C /* Info.plist */,
			);
			path = "custom-side-menu-2";
			sourceTree = "<group>";
		};
/* End PBXGroup section */

/* Begin PBXNativeTarget section */
		9FF2581A25EF75970075012C /* custom-side-menu-2 */ = {
			isa = PBXNativeTarget;
			buildConfigurationList = 9FF2582F25EF75990075012C /* Build configuration list for PBXNativeTarget "custom-side-menu-2" */;
			buildPhases = (
				9FF2581725EF75970075012C /* Sources */,
				9FF2581825EF75970075012C /* Frameworks */,
				9FF2581925EF75970075012C /* Resources */,
			);
			buildRules = (
			);
			dependencies = (
			);
			name = "custom-side-menu-2";
			productName = "custom-side-menu-2";
			productReference = 9FF2581B25EF75970075012C /* custom-side-menu-2.app */;
			productType = "com.apple.product-type.application";
		};
/* End PBXNativeTarget section */

/* Begin PBXProject section */
		9FF2581325EF75970075012C /* Project object */ = {
			isa = PBXProject;
			attributes = {
				LastSwiftUpdateCheck = 1240;
				LastUpgradeCheck = 1240;
				TargetAttributes = {
					9FF2581A25EF75970075012C = {
						CreatedOnToolsVersion = 12.4;
					};
				};
			};
			buildConfigurationList = 9FF2581625EF75970075012C /* Build configuration list for PBXProject "custom-side-menu-2" */;
			compatibilityVersion = "Xcode 9.3";
			developmentRegion = en;
			hasScannedForEncodings = 0;
			knownRegions = (
				en,
				Base,
			);
			mainGroup = 9FF2581225EF75970075012C;
			productRefGroup = 9FF2581C25EF75970075012C /* Products */;
			projectDirPath = "";
			projectRoot = "";
			targets = (
				9FF2581A25EF75970075012C /* custom-side-menu-2 */,
			);
		};
/* End PBXProject section */

/* Begin PBXResourcesBuildPhase section */
		9FF2581925EF75970075012C /* Resources */ = {
			isa = PBXResourcesBuildPhase;
			buildActionMask = 2147483647;
			files = (
				9FF2582B25EF75990075012C /* LaunchScreen.storyboard in Resources */,
				9FF2582825EF75990075012C /* Assets.xcassets in Resources */,
				9FF2582625EF75970075012C /* Main.storyboard in Resources */,
			);
			runOnlyForDeploymentPostprocessing = 0;
		};
/* End PBXResourcesBuildPhase section */

/* Begin PBXSourcesBuildPhase section */
		9FF2581725EF75970075012C /* Sources */ = {
			isa = PBXSourcesBuildPhase;
			buildActionMask = 2147483647;
			files = (
				9FF2583525EF78370075012C /* ContainerController.swift in Sources */,
				9F2345A725F0D14400830FA3 /* MenuOptionCell.swift in Sources */,
				9FF2582325EF75970075012C /* HomeController.swift in Sources */,
				9F13D27E25EF85D8005968F0 /* MenuController.swift in Sources */,
				9FF2581F25EF75970075012C /* AppDelegate.swift in Sources */,
				9FF2582125EF75970075012C /* SceneDelegate.swift in Sources */,
			);
			runOnlyForDeploymentPostprocessing = 0;
		};
/* End PBXSourcesBuildPhase section */

/* Begin PBXVariantGroup section */
		9FF2582425EF75970075012C /* Main.storyboard */ = {
			isa = PBXVariantGroup;
			children = (
				9FF2582525EF75970075012C /* Base */,
			);
			name = Main.storyboard;
			sourceTree = "<group>";
		};
		9FF2582925EF75990075012C /* LaunchScreen.storyboard */ = {
			isa = PBXVariantGroup;
			children = (
				9FF2582A25EF75990075012C /* Base */,
			);
			name = LaunchScreen.storyboard;
			sourceTree = "<group>";
		};
/* End PBXVariantGroup section */

/* Begin XCBuildConfiguration section */
		9FF2582D25EF75990075012C /* Debug */ = {
			isa = XCBuildConfiguration;
			buildSettings = {
				ALWAYS_SEARCH_USER_PATHS = NO;
				CLANG_ANALYZER_NONNULL = YES;
				CLANG_ANALYZER_NUMBER_OBJECT_CONVERSION = YES_AGGRESSIVE;
				CLANG_CXX_LANGUAGE_STANDARD = "gnu++14";
				CLANG_CXX_LIBRARY = "libc++";
				CLANG_ENABLE_MODULES = YES;
				CLANG_ENABLE_OBJC_ARC = YES;
				CLANG_ENABLE_OBJC_WEAK = YES;
				CLANG_WARN_BLOCK_CAPTURE_AUTORELEASING = YES;
				CLANG_WARN_BOOL_CONVERSION = YES;
				CLANG_WARN_COMMA = YES;
				CLANG_WARN_CONSTANT_CONVERSION = YES;
				CLANG_WARN_DEPRECATED_OBJC_IMPLEMENTATIONS = YES;
				CLANG_WARN_DIRECT_OBJC_ISA_USAGE = YES_ERROR;
				CLANG_WARN_DOCUMENTATION_COMMENTS = YES;
				CLANG_WARN_EMPTY_BODY = YES;
				CLANG_WARN_ENUM_CONVERSION = YES;
				CLANG_WARN_INFINITE_RECURSION = YES;
				CLANG_WARN_INT_CONVERSION = YES;
				CLANG_WARN_NON_LITERAL_NULL_CONVERSION = YES;
				CLANG_WARN_OBJC_IMPLICIT_RETAIN_SELF = YES;
				CLANG_WARN_OBJC_LITERAL_CONVERSION = YES;
				CLANG_WARN_OBJC_ROOT_CLASS = YES_ERROR;
				CLANG_WARN_QUOTED_INCLUDE_IN_FRAMEWORK_HEADER = YES;
				CLANG_WARN_RANGE_LOOP_ANALYSIS = YES;
				CLANG_WARN_STRICT_PROTOTYPES = YES;
				CLANG_WARN_SUSPICIOUS_MOVE = YES;
				CLANG_WARN_UNGUARDED_AVAILABILITY = YES_AGGRESSIVE;
				CLANG_WARN_UNREACHABLE_CODE = YES;
				CLANG_WARN__DUPLICATE_METHOD_MATCH = YES;
				COPY_PHASE_STRIP = NO;
				DEBUG_INFORMATION_FORMAT = dwarf;
				ENABLE_STRICT_OBJC_MSGSEND = YES;
				ENABLE_TESTABILITY = YES;
				GCC_C_LANGUAGE_STANDARD = gnu11;
				GCC_DYNAMIC_NO_PIC = NO;
				GCC_NO_COMMON_BLOCKS = YES;
				GCC_OPTIMIZATION_LEVEL = 0;
				GCC_PREPROCESSOR_DEFINITIONS = (
					"DEBUG=1",
					"$(inherited)",
				);
				GCC_WARN_64_TO_32_BIT_CONVERSION = YES;
				GCC_WARN_ABOUT_RETURN_TYPE = YES_ERROR;
				GCC_WARN_UNDECLARED_SELECTOR = YES;
				GCC_WARN_UNINITIALIZED_AUTOS = YES_AGGRESSIVE;
				GCC_WARN_UNUSED_FUNCTION = YES;
				GCC_WARN_UNUSED_VARIABLE = YES;
				IPHONEOS_DEPLOYMENT_TARGET = 14.4;
				MTL_ENABLE_DEBUG_INFO = INCLUDE_SOURCE;
				MTL_FAST_MATH = YES;
				ONLY_ACTIVE_ARCH = YES;
				SDKROOT = iphoneos;
				SWIFT_ACTIVE_COMPILATION_CONDITIONS = DEBUG;
				SWIFT_OPTIMIZATION_LEVEL = "-Onone";
			};
			name = Debug;
		};
		9FF2582E25EF75990075012C /* Release */ = {
			isa = XCBuildConfiguration;
			buildSettings = {
				ALWAYS_SEARCH_USER_PATHS = NO;
				CLANG_ANALYZER_NONNULL = YES;
				CLANG_ANALYZER_NUMBER_OBJECT_CONVERSION = YES_AGGRESSIVE;
				CLANG_CXX_LANGUAGE_STANDARD = "gnu++14";
				CLANG_CXX_LIBRARY = "libc++";
				CLANG_ENABLE_MODULES = YES;
				CLANG_ENABLE_OBJC_ARC = YES;
				CLANG_ENABLE_OBJC_WEAK = YES;
				CLANG_WARN_BLOCK_CAPTURE_AUTORELEASING = YES;
				CLANG_WARN_BOOL_CONVERSION = YES;
				CLANG_WARN_COMMA = YES;
				CLANG_WARN_CONSTANT_CONVERSION = YES;
				CLANG_WARN_DEPRECATED_OBJC_IMPLEMENTATIONS = YES;
				CLANG_WARN_DIRECT_OBJC_ISA_USAGE = YES_ERROR;
				CLANG_WARN_DOCUMENTATION_COMMENTS = YES;
				CLANG_WARN_EMPTY_BODY = YES;
				CLANG_WARN_ENUM_CONVERSION = YES;
				CLANG_WARN_INFINITE_RECURSION = YES;
				CLANG_WARN_INT_CONVERSION = YES;
				CLANG_WARN_NON_LITERAL_NULL_CONVERSION = YES;
				CLANG_WARN_OBJC_IMPLICIT_RETAIN_SELF = YES;
				CLANG_WARN_OBJC_LITERAL_CONVERSION = YES;
				CLANG_WARN_OBJC_ROOT_CLASS = YES_ERROR;
				CLANG_WARN_QUOTED_INCLUDE_IN_FRAMEWORK_HEADER = YES;
				CLANG_WARN_RANGE_LOOP_ANALYSIS = YES;
				CLANG_WARN_STRICT_PROTOTYPES = YES;
				CLANG_WARN_SUSPICIOUS_MOVE = YES;
				CLANG_WARN_UNGUARDED_AVAILABILITY = YES_AGGRESSIVE;
				CLANG_WARN_UNREACHABLE_CODE = YES;
				CLANG_WARN__DUPLICATE_METHOD_MATCH = YES;
				COPY_PHASE_STRIP = NO;
				DEBUG_INFORMATION_FORMAT = "dwarf-with-dsym";
				ENABLE_NS_ASSERTIONS = NO;
				ENABLE_STRICT_OBJC_MSGSEND = YES;
				GCC_C_LANGUAGE_STANDARD = gnu11;
				GCC_NO_COMMON_BLOCKS = YES;
				GCC_WARN_64_TO_32_BIT_CONVERSION = YES;
				GCC_WARN_ABOUT_RETURN_TYPE = YES_ERROR;
				GCC_WARN_UNDECLARED_SELECTOR = YES;
				GCC_WARN_UNINITIALIZED_AUTOS = YES_AGGRESSIVE;
				GCC_WARN_UNUSED_FUNCTION = YES;
				GCC_WARN_UNUSED_VARIABLE = YES;
				IPHONEOS_DEPLOYMENT_TARGET = 14.4;
				MTL_ENABLE_DEBUG_INFO = NO;
				MTL_FAST_MATH = YES;
				SDKROOT = iphoneos;
				SWIFT_COMPILATION_MODE = wholemodule;
				SWIFT_OPTIMIZATION_LEVEL = "-O";
				VALIDATE_PRODUCT = YES;
			};
			name = Release;
		};
		9FF2583025EF75990075012C /* Debug */ = {
			isa = XCBuildConfiguration;
			buildSettings = {
				ASSETCATALOG_COMPILER_APPICON_NAME = AppIcon;
				ASSETCATALOG_COMPILER_GLOBAL_ACCENT_COLOR_NAME = AccentColor;
				CODE_SIGN_STYLE = Automatic;
				DEVELOPMENT_TEAM = 4L2695C228;
				INFOPLIST_FILE = "custom-side-menu-2/Info.plist";
				LD_RUNPATH_SEARCH_PATHS = (
					"$(inherited)",
					"@executable_path/Frameworks",
				);
				PRODUCT_BUNDLE_IDENTIFIER = "com.tedhyeong.custom-side-menu-2";
				PRODUCT_NAME = "$(TARGET_NAME)";
				SWIFT_VERSION = 5.0;
				TARGETED_DEVICE_FAMILY = "1,2";
			};
			name = Debug;
		};
		9FF2583125EF75990075012C /* Release */ = {
			isa = XCBuildConfiguration;
			buildSettings = {
				ASSETCATALOG_COMPILER_APPICON_NAME = AppIcon;
				ASSETCATALOG_COMPILER_GLOBAL_ACCENT_COLOR_NAME = AccentColor;
				CODE_SIGN_STYLE = Automatic;
				DEVELOPMENT_TEAM = 4L2695C228;
				INFOPLIST_FILE = "custom-side-menu-2/Info.plist";
				LD_RUNPATH_SEARCH_PATHS = (
					"$(inherited)",
					"@executable_path/Frameworks",
				);
				PRODUCT_BUNDLE_IDENTIFIER = "com.tedhyeong.custom-side-menu-2";
				PRODUCT_NAME = "$(TARGET_NAME)";
				SWIFT_VERSION = 5.0;
				TARGETED_DEVICE_FAMILY = "1,2";
			};
			name = Release;
		};
/* End XCBuildConfiguration section */

/* Begin XCConfigurationList section */
		9FF2581625EF75970075012C /* Build configuration list for PBXProject "custom-side-menu-2" */ = {
			isa = XCConfigurationList;
			buildConfigurations = (
				9FF2582D25EF75990075012C /* Debug */,
				9FF2582E25EF75990075012C /* Release */,
			);
			defaultConfigurationIsVisible = 0;
			defaultConfigurationName = Release;
		};
		9FF2582F25EF75990075012C /* Build configuration list for PBXNativeTarget "custom-side-menu-2" */ = {
			isa = XCConfigurationList;
			buildConfigurations = (
				9FF2583025EF75990075012C /* Debug */,
				9FF2583125EF75990075012C /* Release */,
			);
			defaultConfigurationIsVisible = 0;
			defaultConfigurationName = Release;
		};
/* End XCConfigurationList section */
	};
	rootObject = 9FF2581325EF75970075012C /* Project object */;
}
